PODS:
  - Alamofire (5.5.0)
  - audioplayers_darwin (0.0.1):
    - Flutter
  - camera_avfoundation (0.0.1):
    - Flutter
  - CocoaAsyncSocket (7.6.5)
  - CocoaLumberjack (3.6.2):
    - CocoaLumberjack/Core (= 3.6.2)
  - CocoaLumberjack/Core (3.6.2)
  - CocoaLumberjack/Swift (3.6.2):
    - CocoaLumberjack/Core
  - contacts_service (0.2.2):
    - Flutter
  - device_info_plus (0.0.1):
    - Flutter
  - DKImagePickerController/Core (4.3.4):
    - DKImagePickerController/ImageDataManager
    - DKImagePickerController/Resource
  - DKImagePickerController/ImageDataManager (4.3.4)
  - DKImagePickerController/PhotoGallery (4.3.4):
    - DKImagePickerController/Core
    - DKPhotoGallery
  - DKImagePickerController/Resource (4.3.4)
  - DKPhotoGallery (0.0.17):
    - DKPhotoGallery/Core (= 0.0.17)
    - DKPhotoGallery/Model (= 0.0.17)
    - DKPhotoGallery/Preview (= 0.0.17)
    - DKPhotoGallery/Resource (= 0.0.17)
    - SDWebImage
    - SwiftyGif
  - DKPhotoGallery/Core (0.0.17):
    - DKPhotoGallery/Model
    - DKPhotoGallery/Preview
    - SDWebImage
    - SwiftyGif
  - DKPhotoGallery/Model (0.0.17):
    - SDWebImage
    - SwiftyGif
  - DKPhotoGallery/Preview (0.0.17):
    - DKPhotoGallery/Model
    - DKPhotoGallery/Resource
    - SDWebImage
    - SwiftyGif
  - DKPhotoGallery/Resource (0.0.17):
    - SDWebImage
    - SwiftyGif
  - emoji_picker_flutter (0.0.1):
    - Flutter
  - file_picker (0.0.1):
    - DKImagePickerController/PhotoGallery
    - Flutter
  - Flutter (1.0.0)
  - flutter_app_badger (1.3.0):
    - Flutter
  - flutter_keyboard_visibility (0.0.1):
    - Flutter
  - flutter_libphonenumber_ios (1.1.4):
    - Flutter
    - PhoneNumberKit/PhoneNumberKitCore (= 3.7.6)
  - flutter_local_notifications (0.0.1):
    - Flutter
  - fluttercontactpicker (4.6.0):
    - Flutter
  - fluttertoast (0.0.2):
    - Flutter
    - Toast
  - FMDB (2.7.10):
    - FMDB/standard (= 2.7.10)
  - FMDB/standard (2.7.10)
  - geocoding_ios (1.0.5):
    - Flutter
  - geolocator_apple (1.2.0):
    - Flutter
  - google_maps_flutter_ios (0.0.1):
    - Flutter
    - GoogleMaps (< 9.0)
  - GoogleMaps (6.2.1):
    - GoogleMaps/Maps (= 6.2.1)
  - GoogleMaps/Base (6.2.1)
  - GoogleMaps/Maps (6.2.1):
    - GoogleMaps/Base
  - GoogleWebRTC (1.1.31999)
  - IDZSwiftCommonCrypto (0.16.1)
  - image_picker_ios (0.0.1):
    - Flutter
  - KissXML (5.3.1):
    - KissXML/All (= 5.3.1)
  - KissXML/Additions (5.3.1):
    - KissXML/Core
  - KissXML/All (5.3.1):
    - KissXML/Additions
    - KissXML/Core
  - KissXML/Core (5.3.1)
  - libidn (1.35)
  - libPhoneNumber-iOS (0.9.15)
  - mirrorfly_plugin (1.0.0):
    - Alamofire
    - Flutter
    - GoogleWebRTC
    - IDZSwiftCommonCrypto (~> 0.16)
    - libPhoneNumber-iOS
    - MirrorFlySDK (= 5.15.7)
    - RealmSwift (= 10.43.0)
    - SDWebImage
    - Socket.IO-Client-Swift (= 16.0.1)
    - SocketRocket
    - Starscream (= 4.0.4)
    - XMPPFramework/Swift
  - mirrorfly_uikit_plugin (0.0.12):
    - Flutter
  - MirrorFlySDK (5.15.7):
    - Alamofire (= 5.5.0)
    - CocoaLumberjack (= 3.6.2)
    - GoogleWebRTC (= 1.1.31999)
    - IDZSwiftCommonCrypto (~> 0.16)
    - libPhoneNumber-iOS (= 0.9.15)
    - RealmSwift (~> 10.43.0)
    - Socket.IO-Client-Swift (= 16.0.1)
    - SocketRocket (= 0.6.0)
    - Starscream (= 4.0.4)
    - XMPPFramework/Swift (= 4.0.0)
  - MTBBarcodeScanner (5.0.11)
  - open_file_plus (1.0.0):
    - Flutter
  - package_info_plus (0.4.5):
    - Flutter
  - path_provider_foundation (0.0.1):
    - Flutter
    - FlutterMacOS
  - permission_handler_apple (9.3.0):
    - Flutter
  - PhoneNumberKit/PhoneNumberKitCore (3.7.6)
  - photo_manager (2.0.0):
    - Flutter
    - FlutterMacOS
  - qr_code_scanner (0.2.0):
    - Flutter
    - MTBBarcodeScanner
  - Realm (10.43.0):
    - Realm/Headers (= 10.43.0)
  - Realm/Headers (10.43.0)
  - RealmSwift (10.43.0):
    - Realm (= 10.43.0)
  - record_darwin (1.0.0):
    - Flutter
    - FlutterMacOS
  - SDWebImage (5.19.1):
    - SDWebImage/Core (= 5.19.1)
  - SDWebImage/Core (5.19.1)
  - share_plus (0.0.1):
    - Flutter
  - shared_preferences_foundation (0.0.1):
    - Flutter
    - FlutterMacOS
  - Socket.IO-Client-Swift (16.0.1):
    - Starscream (~> 4.0)
  - SocketRocket (0.6.0)
  - sqflite (0.0.3):
    - Flutter
    - FMDB (>= 2.7.5)
  - Starscream (4.0.4)
  - SwiftyGif (5.4.5)
  - Toast (4.1.1)
  - url_launcher_ios (0.0.1):
    - Flutter
  - video_player_avfoundation (0.0.1):
    - Flutter
    - FlutterMacOS
  - XMPPFramework/default (4.0.0):
    - CocoaAsyncSocket (~> 7.6)
    - CocoaLumberjack
    - KissXML (~> 5.2)
    - libidn (~> 1.35)
  - XMPPFramework/Swift (4.0.0):
    - CocoaLumberjack/Swift
    - XMPPFramework/default

DEPENDENCIES:
  - audioplayers_darwin (from `.symlinks/plugins/audioplayers_darwin/ios`)
  - camera_avfoundation (from `.symlinks/plugins/camera_avfoundation/ios`)
  - contacts_service (from `.symlinks/plugins/contacts_service/ios`)
  - device_info_plus (from `.symlinks/plugins/device_info_plus/ios`)
  - emoji_picker_flutter (from `.symlinks/plugins/emoji_picker_flutter/ios`)
  - file_picker (from `.symlinks/plugins/file_picker/ios`)
  - Flutter (from `Flutter`)
  - flutter_app_badger (from `.symlinks/plugins/flutter_app_badger/ios`)
  - flutter_keyboard_visibility (from `.symlinks/plugins/flutter_keyboard_visibility/ios`)
  - flutter_libphonenumber_ios (from `.symlinks/plugins/flutter_libphonenumber_ios/ios`)
  - flutter_local_notifications (from `.symlinks/plugins/flutter_local_notifications/ios`)
  - fluttercontactpicker (from `.symlinks/plugins/fluttercontactpicker/ios`)
  - fluttertoast (from `.symlinks/plugins/fluttertoast/ios`)
  - geocoding_ios (from `.symlinks/plugins/geocoding_ios/ios`)
  - geolocator_apple (from `.symlinks/plugins/geolocator_apple/ios`)
  - google_maps_flutter_ios (from `.symlinks/plugins/google_maps_flutter_ios/ios`)
  - image_picker_ios (from `.symlinks/plugins/image_picker_ios/ios`)
  - mirrorfly_plugin (from `.symlinks/plugins/mirrorfly_plugin/ios`)
  - mirrorfly_uikit_plugin (from `.symlinks/plugins/mirrorfly_uikit_plugin/ios`)
  - open_file_plus (from `.symlinks/plugins/open_file_plus/ios`)
  - package_info_plus (from `.symlinks/plugins/package_info_plus/ios`)
  - path_provider_foundation (from `.symlinks/plugins/path_provider_foundation/darwin`)
  - permission_handler_apple (from `.symlinks/plugins/permission_handler_apple/ios`)
  - photo_manager (from `.symlinks/plugins/photo_manager/ios`)
  - qr_code_scanner (from `.symlinks/plugins/qr_code_scanner/ios`)
  - record_darwin (from `.symlinks/plugins/record_darwin/ios`)
  - share_plus (from `.symlinks/plugins/share_plus/ios`)
  - shared_preferences_foundation (from `.symlinks/plugins/shared_preferences_foundation/darwin`)
  - sqflite (from `.symlinks/plugins/sqflite/ios`)
  - url_launcher_ios (from `.symlinks/plugins/url_launcher_ios/ios`)
  - video_player_avfoundation (from `.symlinks/plugins/video_player_avfoundation/darwin`)

SPEC REPOS:
  trunk:
    - Alamofire
    - CocoaAsyncSocket
    - CocoaLumberjack
    - DKImagePickerController
    - DKPhotoGallery
    - FMDB
    - GoogleMaps
    - GoogleWebRTC
    - IDZSwiftCommonCrypto
    - KissXML
    - libidn
    - libPhoneNumber-iOS
    - MirrorFlySDK
    - MTBBarcodeScanner
    - PhoneNumberKit
    - Realm
    - RealmSwift
    - SDWebImage
    - Socket.IO-Client-Swift
    - SocketRocket
    - Starscream
    - SwiftyGif
    - Toast
    - XMPPFramework

EXTERNAL SOURCES:
  audioplayers_darwin:
    :path: ".symlinks/plugins/audioplayers_darwin/ios"
  camera_avfoundation:
    :path: ".symlinks/plugins/camera_avfoundation/ios"
  contacts_service:
    :path: ".symlinks/plugins/contacts_service/ios"
  device_info_plus:
    :path: ".symlinks/plugins/device_info_plus/ios"
  emoji_picker_flutter:
    :path: ".symlinks/plugins/emoji_picker_flutter/ios"
  file_picker:
    :path: ".symlinks/plugins/file_picker/ios"
  Flutter:
    :path: Flutter
  flutter_app_badger:
    :path: ".symlinks/plugins/flutter_app_badger/ios"
  flutter_keyboard_visibility:
    :path: ".symlinks/plugins/flutter_keyboard_visibility/ios"
  flutter_libphonenumber_ios:
    :path: ".symlinks/plugins/flutter_libphonenumber_ios/ios"
  flutter_local_notifications:
    :path: ".symlinks/plugins/flutter_local_notifications/ios"
  fluttercontactpicker:
    :path: ".symlinks/plugins/fluttercontactpicker/ios"
  fluttertoast:
    :path: ".symlinks/plugins/fluttertoast/ios"
  geocoding_ios:
    :path: ".symlinks/plugins/geocoding_ios/ios"
  geolocator_apple:
    :path: ".symlinks/plugins/geolocator_apple/ios"
  google_maps_flutter_ios:
    :path: ".symlinks/plugins/google_maps_flutter_ios/ios"
  image_picker_ios:
    :path: ".symlinks/plugins/image_picker_ios/ios"
  mirrorfly_plugin:
    :path: ".symlinks/plugins/mirrorfly_plugin/ios"
  mirrorfly_uikit_plugin:
    :path: ".symlinks/plugins/mirrorfly_uikit_plugin/ios"
  open_file_plus:
    :path: ".symlinks/plugins/open_file_plus/ios"
  package_info_plus:
    :path: ".symlinks/plugins/package_info_plus/ios"
  path_provider_foundation:
    :path: ".symlinks/plugins/path_provider_foundation/darwin"
  permission_handler_apple:
    :path: ".symlinks/plugins/permission_handler_apple/ios"
  photo_manager:
    :path: ".symlinks/plugins/photo_manager/ios"
  qr_code_scanner:
    :path: ".symlinks/plugins/qr_code_scanner/ios"
  record_darwin:
    :path: ".symlinks/plugins/record_darwin/ios"
  share_plus:
    :path: ".symlinks/plugins/share_plus/ios"
  shared_preferences_foundation:
    :path: ".symlinks/plugins/shared_preferences_foundation/darwin"
  sqflite:
    :path: ".symlinks/plugins/sqflite/ios"
  url_launcher_ios:
    :path: ".symlinks/plugins/url_launcher_ios/ios"
  video_player_avfoundation:
    :path: ".symlinks/plugins/video_player_avfoundation/darwin"

SPEC CHECKSUMS:
  Alamofire: 1c4fb5369c3fe93d2857c780d8bbe09f06f97e7c
  audioplayers_darwin: 877d9a4d06331c5c374595e46e16453ac7eafa40
  camera_avfoundation: 3125e8cd1a4387f6f31c6c63abb8a55892a9eeeb
  CocoaAsyncSocket: 065fd1e645c7abab64f7a6a2007a48038fdc6a99
  CocoaLumberjack: bd155f2dd06c0e0b03f876f7a3ee55693122ec94
  contacts_service: 849e1f84281804c8bfbec1b4c3eedcb23c5d3eca
  device_info_plus: 97af1d7e84681a90d0693e63169a5d50e0839a0d
  DKImagePickerController: b512c28220a2b8ac7419f21c491fc8534b7601ac
  DKPhotoGallery: fdfad5125a9fdda9cc57df834d49df790dbb4179
  emoji_picker_flutter: fe2e6151c5b548e975d546e6eeb567daf0962a58
  file_picker: 09aa5ec1ab24135ccd7a1621c46c84134bfd6655
  Flutter: e0871f40cf51350855a761d2e70bf5af5b9b5de7
  flutter_app_badger: b87fc231847b03b92ce1412aa351842e7e97932f
  flutter_keyboard_visibility: 0339d06371254c3eb25eeb90ba8d17dca8f9c069
  flutter_libphonenumber_ios: a4d7de8865ef47d0f77b1d047e88ef7aed488d53
  flutter_local_notifications: 4cde75091f6327eb8517fa068a0a5950212d2086
  fluttercontactpicker: d582836dea6b5d489f3d259f35d7817ae82ee5e6
  fluttertoast: 31b00dabfa7fb7bacd9e7dbee580d7a2ff4bf265
  FMDB: eae540775bf7d0c87a5af926ae37af69effe5a19
  geocoding_ios: d7460f56e80e118d57678efe5c2cdc888739ff18
  geolocator_apple: cc556e6844d508c95df1e87e3ea6fa4e58c50401
  google_maps_flutter_ios: f135b968a67c05679e0a53538e900b5c174b0d99
  GoogleMaps: 20d7b12be49a14287f797e88e0e31bc4156aaeb4
  GoogleWebRTC: b39a78c4f5cc6b0323415b9233db03a2faa7b0f0
  IDZSwiftCommonCrypto: aefd3487b88dc3d7a1de2553188c720ac3194940
  image_picker_ios: 4a8aadfbb6dc30ad5141a2ce3832af9214a705b5
  KissXML: 5c8e0f2e8b9f071d3e1ae123dec3eb5da615c10c
  libidn: e4576a956b797c584c77aaedfc6e3dd639b61bdc
  libPhoneNumber-iOS: 0a32a9525cf8744fe02c5206eb30d571e38f7d75
  mirrorfly_plugin: b864cadccda77671fc6c27f63cc88d9e1dd28cf1
  mirrorfly_uikit_plugin: cdf631f36257893ede43c0e2d0b0a1f01eda4e82
  MirrorFlySDK: 11a84e374dbe8aa4a00ead588470597d022933e0
  MTBBarcodeScanner: f453b33c4b7dfe545d8c6484ed744d55671788cb
  open_file_plus: 05737718530c14cf02868e3b7754d7fe4df76d8b
  package_info_plus: 58f0028419748fad15bf008b270aaa8e54380b1c
  path_provider_foundation: 29f094ae23ebbca9d3d0cec13889cd9060c0e943
  permission_handler_apple: 9878588469a2b0d0fc1e048d9f43605f92e6cec2
  PhoneNumberKit: 3c68a822bad955ffcefc72a52df72b6596498555
  photo_manager: 4f6810b7dfc4feb03b461ac1a70dacf91fba7604
  qr_code_scanner: bb67d64904c3b9658ada8c402e8b4d406d5d796e
  Realm: fc65bea3f5c3da2ecdc76324f180e054e7cf4eb0
  RealmSwift: a7d48361c585769690c175428cc2bf15e1074444
  record_darwin: 1f6619f2abac4d1ca91d3eeab038c980d76f1517
  SDWebImage: 40b0b4053e36c660a764958bff99eed16610acbb
  share_plus: 8875f4f2500512ea181eef553c3e27dba5135aad
  shared_preferences_foundation: e2dae3258e06f44cc55f49d42024fd8dd03c590c
  Socket.IO-Client-Swift: c116d6dc9fd6be9c259bacfe143f8725bce7d79e
  SocketRocket: fccef3f9c5cedea1353a9ef6ada904fde10d6608
  sqflite: 31f7eba61e3074736dff8807a9b41581e4f7f15a
  Starscream: 5178aed56b316f13fa3bc55694e583d35dd414d9
  SwiftyGif: 706c60cf65fa2bc5ee0313beece843c8eb8194d4
  Toast: 1f5ea13423a1e6674c4abdac5be53587ae481c4e
  url_launcher_ios: 68d46cc9766d0c41dbdc884310529557e3cd7a86
  video_player_avfoundation: 8563f13d8fc8b2c29dc2d09e60b660e4e8128837
  XMPPFramework: 5d31ff9f73dce031b24bc49bcf88093627a3a86e

PODFILE CHECKSUM: d889df6d2b05d57e817b3b9969cfa60c79e52d9a

COCOAPODS: 1.15.2
